
Microsoft Visual Studio Solution File, Format Version 12.00
# Visual Studio Version 16
VisualStudioVersion = 16.0.30524.135
MinimumVisualStudioVersion = 10.0.40219.1
Project("{9A19103F-16F7-4668-BE54-9A1E7A4F7556}") = "DiscordBot", "DiscordBot\DiscordBot.csproj", "{FD0FA1E0-1947-4A45-9820-FBD009B054C4}"
EndProject
Project("{E53339B2-1760-4266-BCC7-CA923CBCF16C}") = "docker-compose", "docker-compose.dcproj", "{0F3E1898-9916-44B8-82F1-0664347B6D78}"
EndProject
Global
	GlobalSection(SolutionConfigurationPlatforms) = preSolution
		Debug|Any CPU = Debug|Any CPU
		Release|Any CPU = Release|Any CPU
	EndGlobalSection
	GlobalSection(ProjectConfigurationPlatforms) = postSolution
		{FD0FA1E0-1947-4A45-9820-FBD009B054C4}.Debug|Any CPU.ActiveCfg = Debug|Any CPU
		{FD0FA1E0-1947-4A45-9820-FBD009B054C4}.Debug|Any CPU.Build.0 = Debug|Any CPU
		{FD0FA1E0-1947-4A45-9820-FBD009B054C4}.Release|Any CPU.ActiveCfg = Release|Any CPU
		{FD0FA1E0-1947-4A45-9820-FBD009B054C4}.Release|Any CPU.Build.0 = Release|Any CPU
		{0F3E1898-9916-44B8-82F1-0664347B6D78}.Debug|Any CPU.ActiveCfg = Debug|Any CPU
		{0F3E1898-9916-44B8-82F1-0664347B6D78}.Debug|Any CPU.Build.0 = Debug|Any CPU
		{0F3E1898-9916-44B8-82F1-0664347B6D78}.Release|Any CPU.ActiveCfg = Release|Any CPU
		{0F3E1898-9916-44B8-82F1-0664347B6D78}.Release|Any CPU.Build.0 = Release|Any CPU
	EndGlobalSection
	GlobalSection(SolutionProperties) = preSolution
		HideSolutionNode = FALSE
	EndGlobalSection
	GlobalSection(ExtensibilityGlobals) = postSolution
		SolutionGuid = {A79AAFAA-99EE-45F6-ADEF-70497B6C490F}
	EndGlobalSection
EndGlobal
